// !$*UTF8*$!
{
	archiveVersion = 1;
	classes = {
	};
	objectVersion = 46;
	objects = {

/* Begin PBXBuildFile section */
		784547F519492A3C00AC5B11 /* AppDelegate.swift in Sources */ = {isa = PBXBuildFile; fileRef = 784547F419492A3C00AC5B11 /* AppDelegate.swift */; };
		784547F719492A3C00AC5B11 /* Images.xcassets in Resources */ = {isa = PBXBuildFile; fileRef = 784547F619492A3C00AC5B11 /* Images.xcassets */; };
		7845480319492A3C00AC5B11 /* TestSwiftTests.swift in Sources */ = {isa = PBXBuildFile; fileRef = 7845480219492A3C00AC5B11 /* TestSwiftTests.swift */; };
		7845480E19492A7400AC5B11 /* TestViewController.swift in Sources */ = {isa = PBXBuildFile; fileRef = 7845480C19492A7400AC5B11 /* TestViewController.swift */; };
		7845480F19492A7400AC5B11 /* TestViewController.xib in Resources */ = {isa = PBXBuildFile; fileRef = 7845480D19492A7400AC5B11 /* TestViewController.xib */; };
/* End PBXBuildFile section */

/* Begin PBXContainerItemProxy section */
		784547FD19492A3C00AC5B11 /* PBXContainerItemProxy */ = {
			isa = PBXContainerItemProxy;
			containerPortal = 784547E719492A3C00AC5B11 /* Project object */;
			proxyType = 1;
			remoteGlobalIDString = 784547EE19492A3C00AC5B11;
			remoteInfo = TestSwift;
		};
/* End PBXContainerItemProxy section */

/* Begin PBXFileReference section */
		784547EF19492A3C00AC5B11 /* TestSwift.app */ = {isa = PBXFileReference; explicitFileType = wrapper.application; includeInIndex = 0; path = TestSwift.app; sourceTree = BUILT_PRODUCTS_DIR; };
		784547F319492A3C00AC5B11 /* Info.plist */ = {isa = PBXFileReference; lastKnownFileType = text.plist.xml; path = Info.plist; sourceTree = "<group>"; };
		784547F419492A3C00AC5B11 /* AppDelegate.swift */ = {isa = PBXFileReference; lastKnownFileType = sourcecode.swift; path = AppDelegate.swift; sourceTree = "<group>"; };
		784547F619492A3C00AC5B11 /* Images.xcassets */ = {isa = PBXFileReference; lastKnownFileType = folder.assetcatalog; path = Images.xcassets; sourceTree = "<group>"; };
		784547FC19492A3C00AC5B11 /* TestSwiftTests.xctest */ = {isa = PBXFileReference; explicitFileType = wrapper.cfbundle; includeInIndex = 0; path = TestSwiftTests.xctest; sourceTree = BUILT_PRODUCTS_DIR; };
		7845480119492A3C00AC5B11 /* Info.plist */ = {isa = PBXFileReference; lastKnownFileType = text.plist.xml; path = Info.plist; sourceTree = "<group>"; };
		7845480219492A3C00AC5B11 /* TestSwiftTests.swift */ = {isa = PBXFileReference; lastKnownFileType = sourcecode.swift; path = TestSwiftTests.swift; sourceTree = "<group>"; };
		7845480C19492A7400AC5B11 /* TestViewController.swift */ = {isa = PBXFileReference; fileEncoding = 4; lastKnownFileType = sourcecode.swift; path = TestViewController.swift; sourceTree = "<group>"; };
		7845480D19492A7400AC5B11 /* TestViewController.xib */ = {isa = PBXFileReference; fileEncoding = 4; lastKnownFileType = file.xib; path = TestViewController.xib; sourceTree = "<group>"; };
/* End PBXFileReference section */

/* Begin PBXFrameworksBuildPhase section */
		784547EC19492A3C00AC5B11 /* Frameworks */ = {
			isa = PBXFrameworksBuildPhase;
			buildActionMask = 2147483647;
			files = (
			);
			runOnlyForDeploymentPostprocessing = 0;
		};
		784547F919492A3C00AC5B11 /* Frameworks */ = {
			isa = PBXFrameworksBuildPhase;
			buildActionMask = 2147483647;
			files = (
			);
			runOnlyForDeploymentPostprocessing = 0;
		};
/* End PBXFrameworksBuildPhase section */

/* Begin PBXGroup section */
		784547E619492A3C00AC5B11 = {
			isa = PBXGroup;
			children = (
				784547F119492A3C00AC5B11 /* TestSwift */,
				784547FF19492A3C00AC5B11 /* TestSwiftTests */,
				784547F019492A3C00AC5B11 /* Products */,
			);
			sourceTree = "<group>";
		};
		784547F019492A3C00AC5B11 /* Products */ = {
			isa = PBXGroup;
			children = (
				784547EF19492A3C00AC5B11 /* TestSwift.app */,
				784547FC19492A3C00AC5B11 /* TestSwiftTests.xctest */,
			);
			name = Products;
			sourceTree = "<group>";
		};
		784547F119492A3C00AC5B11 /* TestSwift */ = {
			isa = PBXGroup;
			children = (
				784547F419492A3C00AC5B11 /* AppDelegate.swift */,
				7845480C19492A7400AC5B11 /* TestViewController.swift */,
				7845480D19492A7400AC5B11 /* TestViewController.xib */,
				784547F619492A3C00AC5B11 /* Images.xcassets */,
				784547F219492A3C00AC5B11 /* Supporting Files */,
			);
			path = TestSwift;
			sourceTree = "<group>";
		};
		784547F219492A3C00AC5B11 /* Supporting Files */ = {
			isa = PBXGroup;
			children = (
				784547F319492A3C00AC5B11 /* Info.plist */,
			);
			name = "Supporting Files";
			sourceTree = "<group>";
		};
		784547FF19492A3C00AC5B11 /* TestSwiftTests */ = {
			isa = PBXGroup;
			children = (
				7845480219492A3C00AC5B11 /* TestSwiftTests.swift */,
				7845480019492A3C00AC5B11 /* Supporting Files */,
			);
			path = TestSwiftTests;
			sourceTree = "<group>";
		};
		7845480019492A3C00AC5B11 /* Supporting Files */ = {
			isa = PBXGroup;
			children = (
				7845480119492A3C00AC5B11 /* Info.plist */,
			);
			name = "Supporting Files";
			sourceTree = "<group>";
		};
/* End PBXGroup section */

/* Begin PBXNativeTarget section */
		784547EE19492A3C00AC5B11 /* TestSwift */ = {
			isa = PBXNativeTarget;
			buildConfigurationList = 7845480619492A3C00AC5B11 /* Build configuration list for PBXNativeTarget "TestSwift" */;
			buildPhases = (
				784547EB19492A3C00AC5B11 /* Sources */,
				784547EC19492A3C00AC5B11 /* Frameworks */,
				784547ED19492A3C00AC5B11 /* Resources */,
			);
			buildRules = (
			);
			dependencies = (
			);
			name = TestSwift;
			productName = TestSwift;
			productReference = 784547EF19492A3C00AC5B11 /* TestSwift.app */;
			productType = "com.apple.product-type.application";
		};
		784547FB19492A3C00AC5B11 /* TestSwiftTests */ = {
			isa = PBXNativeTarget;
			buildConfigurationList = 7845480919492A3C00AC5B11 /* Build configuration list for PBXNativeTarget "TestSwiftTests" */;
			buildPhases = (
				784547F819492A3C00AC5B11 /* Sources */,
				784547F919492A3C00AC5B11 /* Frameworks */,
				784547FA19492A3C00AC5B11 /* Resources */,
			);
			buildRules = (
			);
			dependencies = (
				784547FE19492A3C00AC5B11 /* PBXTargetDependency */,
			);
			name = TestSwiftTests;
			productName = TestSwiftTests;
			productReference = 784547FC19492A3C00AC5B11 /* TestSwiftTests.xctest */;
			productType = "com.apple.product-type.bundle.unit-test";
		};
/* End PBXNativeTarget section */

/* Begin PBXProject section */
		784547E719492A3C00AC5B11 /* Project object */ = {
			isa = PBXProject;
			attributes = {
				LastUpgradeCheck = 0600;
				ORGANIZATIONNAME = creative;
				TargetAttributes = {
					784547EE19492A3C00AC5B11 = {
						CreatedOnToolsVersion = 6.0;
					};
					784547FB19492A3C00AC5B11 = {
						CreatedOnToolsVersion = 6.0;
						TestTargetID = 784547EE19492A3C00AC5B11;
					};
				};
			};
			buildConfigurationList = 784547EA19492A3C00AC5B11 /* Build configuration list for PBXProject "TestSwift" */;
			compatibilityVersion = "Xcode 3.2";
			developmentRegion = English;
			hasScannedForEncodings = 0;
			knownRegions = (
				en,
			);
			mainGroup = 784547E619492A3C00AC5B11;
			productRefGroup = 784547F019492A3C00AC5B11 /* Products */;
			projectDirPath = "";
			projectRoot = "";
			targets = (
				784547EE19492A3C00AC5B11 /* TestSwift */,
				784547FB19492A3C00AC5B11 /* TestSwiftTests */,
			);
		};
/* End PBXProject section */

/* Begin PBXResourcesBuildPhase section */
		784547ED19492A3C00AC5B11 /* Resources */ = {
			isa = PBXResourcesBuildPhase;
			buildActionMask = 2147483647;
			files = (
				7845480F19492A7400AC5B11 /* TestViewController.xib in Resources */,
				784547F719492A3C00AC5B11 /* Images.xcassets in Resources */,
			);
			runOnlyForDeploymentPostprocessing = 0;
		};
		784547FA19492A3C00AC5B11 /* Resources */ = {
			isa = PBXResourcesBuildPhase;
			buildActionMask = 2147483647;
			files = (
			);
			runOnlyForDeploymentPostprocessing = 0;
		};
/* End PBXResourcesBuildPhase section */

/* Begin PBXSourcesBuildPhase section */
		784547EB19492A3C00AC5B11 /* Sources */ = {
			isa = PBXSourcesBuildPhase;
			buildActionMask = 2147483647;
			files = (
				7845480E19492A7400AC5B11 /* TestViewController.swift in Sources */,
				784547F519492A3C00AC5B11 /* AppDelegate.swift in Sources */,
			);
			runOnlyForDeploymentPostprocessing = 0;
		};
		784547F819492A3C00AC5B11 /* Sources */ = {
			isa = PBXSourcesBuildPhase;
			buildActionMask = 2147483647;
			files = (
				7845480319492A3C00AC5B11 /* TestSwiftTests.swift in Sources */,
			);
			runOnlyForDeploymentPostprocessing = 0;
		};
/* End PBXSourcesBuildPhase section */

/* Begin PBXTargetDependency section */
		784547FE19492A3C00AC5B11 /* PBXTargetDependency */ = {
			isa = PBXTargetDependency;
			target = 784547EE19492A3C00AC5B11 /* TestSwift */;
			targetProxy = 784547FD19492A3C00AC5B11 /* PBXContainerItemProxy */;
		};
/* End PBXTargetDependency section */

/* Begin XCBuildConfiguration section */
		7845480419492A3C00AC5B11 /* Debug */ = {
			isa = XCBuildConfiguration;
			buildSettings = {
				ALWAYS_SEARCH_USER_PATHS = NO;
				CLANG_CXX_LANGUAGE_STANDARD = "gnu++0x";
				CLANG_CXX_LIBRARY = "libc++";
				CLANG_ENABLE_MODULES = YES;
				CLANG_ENABLE_OBJC_ARC = YES;
				CLANG_WARN_BOOL_CONVERSION = YES;
				CLANG_WARN_CONSTANT_CONVERSION = YES;
				CLANG_WARN_DIRECT_OBJC_ISA_USAGE = YES_ERROR;
				CLANG_WARN_EMPTY_BODY = YES;
				CLANG_WARN_ENUM_CONVERSION = YES;
				CLANG_WARN_INT_CONVERSION = YES;
				CLANG_WARN_OBJC_ROOT_CLASS = YES_ERROR;
				CLANG_WARN_UNREACHABLE_CODE = YES;
				CLANG_WARN__DUPLICATE_METHOD_MATCH = YES;
				"CODE_SIGN_IDENTITY[sdk=iphoneos*]" = "iPhone Developer";
				COPY_PHASE_STRIP = NO;
				ENABLE_STRICT_OBJC_MSGSEND = YES;
				GCC_C_LANGUAGE_STANDARD = gnu99;
				GCC_DYNAMIC_NO_PIC = NO;
				GCC_OPTIMIZATION_LEVEL = 0;
				GCC_PREPROCESSOR_DEFINITIONS = (
					"DEBUG=1",
					"$(inherited)",
				);
				GCC_SYMBOLS_PRIVATE_EXTERN = NO;
				GCC_WARN_64_TO_32_BIT_CONVERSION = YES;
				GCC_WARN_ABOUT_RETURN_TYPE = YES_ERROR;
				GCC_WARN_UNDECLARED_SELECTOR = YES;
				GCC_WARN_UNINITIALIZED_AUTOS = YES_AGGRESSIVE;
				GCC_WARN_UNUSED_FUNCTION = YES;
				GCC_WARN_UNUSED_VARIABLE = YES;
				IPHONEOS_DEPLOYMENT_TARGET = 8.0;
				METAL_ENABLE_DEBUG_INFO = YES;
				ONLY_ACTIVE_ARCH = YES;
				SDKROOT = iphoneos;
				SWIFT_OPTIMIZATION_LEVEL = "-Onone";
			};
			name = Debug;
		};
		7845480519492A3C00AC5B11 /* Release */ = {
			isa = XCBuildConfiguration;
			buildSettings = {
				ALWAYS_SEARCH_USER_PATHS = NO;
				CLANG_CXX_LANGUAGE_STANDARD = "gnu++0x";
				CLANG_CXX_LIBRARY = "libc++";
				CLANG_ENABLE_MODULES = YES;
				CLANG_ENABLE_OBJC_ARC = YES;
				CLANG_WARN_BOOL_CONVERSION = YES;
				CLANG_WARN_CONSTANT_CONVERSION = YES;
				CLANG_WARN_DIRECT_OBJC_ISA_USAGE = YES_ERROR;
				CLANG_WARN_EMPTY_BODY = YES;
				CLANG_WARN_ENUM_CONVERSION = YES;
				CLANG_WARN_INT_CONVERSION = YES;
				CLANG_WARN_OBJC_ROOT_CLASS = YES_ERROR;
				CLANG_WARN_UNREACHABLE_CODE = YES;
				CLANG_WARN__DUPLICATE_METHOD_MATCH = YES;
				"CODE_SIGN_IDENTITY[sdk=iphoneos*]" = "iPhone Developer";
				COPY_PHASE_STRIP = YES;
				ENABLE_NS_ASSERTIONS = NO;
				ENABLE_STRICT_OBJC_MSGSEND = YES;
				GCC_C_LANGUAGE_STANDARD = gnu99;
				GCC_WARN_64_TO_32_BIT_CONVERSION = YES;
				GCC_WARN_ABOUT_RETURN_TYPE = YES_ERROR;
				GCC_WARN_UNDECLARED_SELECTOR = YES;
				GCC_WARN_UNINITIALIZED_AUTOS = YES_AGGRESSIVE;
				GCC_WARN_UNUSED_FUNCTION = YES;
				GCC_WARN_UNUSED_VARIABLE = YES;
				IPHONEOS_DEPLOYMENT_TARGET = 8.0;
				METAL_ENABLE_DEBUG_INFO = NO;
				SDKROOT = iphoneos;
				VALIDATE_PRODUCT = YES;
			};
			name = Release;
		};
		7845480719492A3C00AC5B11 /* Debug */ = {
			isa = XCBuildConfiguration;
			buildSettings = {
				ASSETCATALOG_COMPILER_APPICON_NAME = AppIcon;
				ASSETCATALOG_COMPILER_LAUNCHIMAGE_NAME = LaunchImage;
				INFOPLIST_FILE = TestSwift/Info.plist;
				LD_RUNPATH_SEARCH_PATHS = "$(inherited) @executable_path/Frameworks";
				PRODUCT_NAME = "$(TARGET_NAME)";
			};
			name = Debug;
		};
		7845480819492A3C00AC5B11 /* Release */ = {
			isa = XCBuildConfiguration;
			buildSettings = {
				ASSETCATALOG_COMPILER_APPICON_NAME = AppIcon;
				ASSETCATALOG_COMPILER_LAUNCHIMAGE_NAME = LaunchImage;
				INFOPLIST_FILE = TestSwift/Info.plist;
				LD_RUNPATH_SEARCH_PATHS = "$(inherited) @executable_path/Frameworks";
				PRODUCT_NAME = "$(TARGET_NAME)";
			};
			name = Release;
		};
		7845480A19492A3C00AC5B11 /* Debug */ = {
			isa = XCBuildConfiguration;
			buildSettings = {
				BUNDLE_LOADER = "$(BUILT_PRODUCTS_DIR)/TestSwift.app/TestSwift";
				FRAMEWORK_SEARCH_PATHS = (
					"$(SDKROOT)/Developer/Library/Frameworks",
					"$(inherited)",
				);
				GCC_PREPROCESSOR_DEFINITIONS = (
					"DEBUG=1",
					"$(inherited)",
				);
				INFOPLIST_FILE = TestSwiftTests/Info.plist;
				LD_RUNPATH_SEARCH_PATHS = "$(inherited) @executable_path/Frameworks @loader_path/Frameworks";
				METAL_ENABLE_DEBUG_INFO = YES;
				PRODUCT_NAME = "$(TARGET_NAME)";
				TEST_HOST = "$(BUNDLE_LOADER)";
			};
			name = Debug;
		};
		7845480B19492A3C00AC5B11 /* Release */ = {
			isa = XCBuildConfiguration;
			buildSettings = {
				BUNDLE_LOADER = "$(BUILT_PRODUCTS_DIR)/TestSwift.app/TestSwift";
				FRAMEWORK_SEARCH_PATHS = (
					"$(SDKROOT)/Developer/Library/Frameworks",
					"$(inherited)",
				);
				INFOPLIST_FILE = TestSwiftTests/Info.plist;
				LD_RUNPATH_SEARCH_PATHS = "$(inherited) @executable_path/Frameworks @loader_path/Frameworks";
				METAL_ENABLE_DEBUG_INFO = NO;
				PRODUCT_NAME = "$(TARGET_NAME)";
				TEST_HOST = "$(BUNDLE_LOADER)";
			};
			name = Release;
		};
/* End XCBuildConfiguration section */

/* Begin XCConfigurationList section */
		784547EA19492A3C00AC5B11 /* Build configuration list for PBXProject "TestSwift" */ = {
			isa = XCConfigurationList;
			buildConfigurations = (
				7845480419492A3C00AC5B11 /* Debug */,
				7845480519492A3C00AC5B11 /* Release */,
			);
			defaultConfigurationIsVisible = 0;
			defaultConfigurationName = Release;
		};
		7845480619492A3C00AC5B11 /* Build configuration list for PBXNativeTarget "TestSwift" */ = {
			isa = XCConfigurationList;
			buildConfigurations = (
				7845480719492A3C00AC5B11 /* Debug */,
				7845480819492A3C00AC5B11 /* Release */,
			);
			defaultConfigurationIsVisible = 0;
		};
		7845480919492A3C00AC5B11 /* Build configuration list for PBXNativeTarget "TestSwiftTests" */ = {
			isa = XCConfigurationList;
			buildConfigurations = (
				7845480A19492A3C00AC5B11 /* Debug */,
				7845480B19492A3C00AC5B11 /* Release */,
			);
			defaultConfigurationIsVisible = 0;
		};
/* End XCConfigurationList section */
	};
	rootObject = 784547E719492A3C00AC5B11 /* Project object */;
}
